{
  "format_version": "1.1",
  "terraform_version": "1.3.6",
  "variables": {
    "credentials_file": {
      "value": "test-project-hda-67094c6a205c.json"
    },
    "email": {
      "value": "test-project-hda@test-project-hda.iam.gserviceaccount.com"
    },
    "project": {
      "value": "test-project-hda"
    },
    "region": {
      "value": "europe-west3"
    },
    "user": {
      "value": "test-project-hda"
    },
    "worker_count": {
      "value": 3
    },
    "zone": {
      "value": "europe-west3-c"
    }
  },
  "planned_values": {
    "outputs": {
      "kubernetes_master_ip": {
        "sensitive": false
      },
      "kubernetes_worker_ip": {
        "sensitive": false
      },
      "ssh_private_key": {
        "sensitive": true
      }
    },
    "root_module": {
      "resources": [
        {
          "address": "google_compute_address.static_ip_kubernetes_master",
          "mode": "managed",
          "type": "google_compute_address",
          "name": "static_ip_kubernetes_master",
          "provider_name": "registry.terraform.io/hashicorp/google",
          "schema_version": 0,
          "values": {
            "address_type": "EXTERNAL",
            "description": null,
            "name": "kubernetes-master",
            "network": null,
            "prefix_length": null,
            "timeouts": null
          },
          "sensitive_values": {
            "users": []
          }
        },
        {
          "address": "google_compute_firewall.allow_http",
          "mode": "managed",
          "type": "google_compute_firewall",
          "name": "allow_http",
          "provider_name": "registry.terraform.io/hashicorp/google",
          "schema_version": 1,
          "values": {
            "allow": [
              {
                "ports": [
                  "80"
                ],
                "protocol": "tcp"
              }
            ],
            "deny": [],
            "description": null,
            "disabled": null,
            "log_config": [],
            "name": "allow-http",
            "network": "kubernetes-network",
            "priority": 1000,
            "source_ranges": [
              "0.0.0.0/0"
            ],
            "source_service_accounts": null,
            "source_tags": null,
            "target_service_accounts": null,
            "target_tags": [
              "allow-http"
            ],
            "timeouts": null
          },
          "sensitive_values": {
            "allow": [
              {
                "ports": [
                  false
                ]
              }
            ],
            "deny": [],
            "destination_ranges": [],
            "log_config": [],
            "source_ranges": [
              false
            ],
            "target_tags": [
              false
            ]
          }
        },
        {
          "address": "google_compute_firewall.allow_kubernetes_api",
          "mode": "managed",
          "type": "google_compute_firewall",
          "name": "allow_kubernetes_api",
          "provider_name": "registry.terraform.io/hashicorp/google",
          "schema_version": 1,
          "values": {
            "allow": [
              {
                "ports": [
                  "6443"
                ],
                "protocol": "tcp"
              }
            ],
            "deny": [],
            "description": null,
            "disabled": null,
            "log_config": [],
            "name": "allow-kubernetes-api",
            "network": "kubernetes-network",
            "priority": 1000,
            "source_ranges": [
              "0.0.0.0/0"
            ],
            "source_service_accounts": null,
            "source_tags": null,
            "target_service_accounts": null,
            "target_tags": [
              "allow-http"
            ],
            "timeouts": null
          },
          "sensitive_values": {
            "allow": [
              {
                "ports": [
                  false
                ]
              }
            ],
            "deny": [],
            "destination_ranges": [],
            "log_config": [],
            "source_ranges": [
              false
            ],
            "target_tags": [
              false
            ]
          }
        },
        {
          "address": "google_compute_firewall.allow_ssh",
          "mode": "managed",
          "type": "google_compute_firewall",
          "name": "allow_ssh",
          "provider_name": "registry.terraform.io/hashicorp/google",
          "schema_version": 1,
          "values": {
            "allow": [
              {
                "ports": [
                  "22"
                ],
                "protocol": "tcp"
              }
            ],
            "deny": [],
            "description": null,
            "disabled": null,
            "log_config": [],
            "name": "allow-ssh",
            "network": "kubernetes-network",
            "priority": 1000,
            "source_ranges": [
              "0.0.0.0/0"
            ],
            "source_service_accounts": null,
            "source_tags": null,
            "target_service_accounts": null,
            "target_tags": [
              "allow-ssh"
            ],
            "timeouts": null
          },
          "sensitive_values": {
            "allow": [
              {
                "ports": [
                  false
                ]
              }
            ],
            "deny": [],
            "destination_ranges": [],
            "log_config": [],
            "source_ranges": [
              false
            ],
            "target_tags": [
              false
            ]
          }
        },
        {
          "address": "google_compute_instance.kubernetes_master",
          "mode": "managed",
          "type": "google_compute_instance",
          "name": "kubernetes_master",
          "provider_name": "registry.terraform.io/hashicorp/google",
          "schema_version": 6,
          "values": {
            "advanced_machine_features": [],
            "allow_stopping_for_update": null,
            "attached_disk": [],
            "boot_disk": [
              {
                "auto_delete": true,
                "disk_encryption_key_raw": null,
                "initialize_params": [
                  {
                    "image": "debian-cloud/debian-11",
                    "size": 40
                  }
                ],
                "mode": "READ_WRITE"
              }
            ],
            "can_ip_forward": false,
            "deletion_protection": false,
            "description": null,
            "desired_status": null,
            "enable_display": null,
            "hostname": null,
            "labels": null,
            "machine_type": "e2-medium",
            "metadata_startup_script": null,
            "name": "kubernetes-master",
            "network_interface": [
              {
                "access_config": [
                  {
                    "public_ptr_domain_name": null
                  }
                ],
                "alias_ip_range": [],
                "ipv6_access_config": [],
                "network": "kubernetes-network",
                "nic_type": null,
                "queue_count": null
              }
            ],
            "resource_policies": null,
            "scratch_disk": [],
            "service_account": [],
            "shielded_instance_config": [],
            "tags": [
              "allow-http",
              "allow-kubernetes-api",
              "allow-ssh"
            ],
            "timeouts": null
          },
          "sensitive_values": {
            "advanced_machine_features": [],
            "attached_disk": [],
            "boot_disk": [
              {
                "initialize_params": [
                  {
                    "labels": {}
                  }
                ]
              }
            ],
            "confidential_instance_config": [],
            "guest_accelerator": [],
            "metadata": {},
            "network_interface": [
              {
                "access_config": [
                  {}
                ],
                "alias_ip_range": [],
                "ipv6_access_config": []
              }
            ],
            "reservation_affinity": [],
            "scheduling": [],
            "scratch_disk": [],
            "service_account": [],
            "shielded_instance_config": [],
            "tags": [
              false,
              false,
              false
            ]
          }
        },
        {
          "address": "google_compute_instance.kubernetes_worker[0]",
          "mode": "managed",
          "type": "google_compute_instance",
          "name": "kubernetes_worker",
          "index": 0,
          "provider_name": "registry.terraform.io/hashicorp/google",
          "schema_version": 6,
          "values": {
            "advanced_machine_features": [],
            "allow_stopping_for_update": null,
            "attached_disk": [],
            "boot_disk": [
              {
                "auto_delete": true,
                "disk_encryption_key_raw": null,
                "initialize_params": [
                  {
                    "image": "debian-cloud/debian-11",
                    "size": 40
                  }
                ],
                "mode": "READ_WRITE"
              }
            ],
            "can_ip_forward": false,
            "deletion_protection": false,
            "description": null,
            "desired_status": null,
            "enable_display": null,
            "hostname": null,
            "labels": null,
            "machine_type": "e2-medium",
            "metadata_startup_script": null,
            "name": "kubernetes-worker-0",
            "network_interface": [
              {
                "access_config": [
                  {
                    "public_ptr_domain_name": null
                  }
                ],
                "alias_ip_range": [],
                "ipv6_access_config": [],
                "network": "kubernetes-network",
                "nic_type": null,
                "queue_count": null
              }
            ],
            "resource_policies": null,
            "scratch_disk": [],
            "service_account": [],
            "shielded_instance_config": [],
            "tags": [
              "allow-ssh"
            ],
            "timeouts": null
          },
          "sensitive_values": {
            "advanced_machine_features": [],
            "attached_disk": [],
            "boot_disk": [
              {
                "initialize_params": [
                  {
                    "labels": {}
                  }
                ]
              }
            ],
            "confidential_instance_config": [],
            "guest_accelerator": [],
            "metadata": {},
            "network_interface": [
              {
                "access_config": [
                  {}
                ],
                "alias_ip_range": [],
                "ipv6_access_config": []
              }
            ],
            "reservation_affinity": [],
            "scheduling": [],
            "scratch_disk": [],
            "service_account": [],
            "shielded_instance_config": [],
            "tags": [
              false
            ]
          }
        },
        {
          "address": "google_compute_instance.kubernetes_worker[1]",
          "mode": "managed",
          "type": "google_compute_instance",
          "name": "kubernetes_worker",
          "index": 1,
          "provider_name": "registry.terraform.io/hashicorp/google",
          "schema_version": 6,
          "values": {
            "advanced_machine_features": [],
            "allow_stopping_for_update": null,
            "attached_disk": [],
            "boot_disk": [
              {
                "auto_delete": true,
                "disk_encryption_key_raw": null,
                "initialize_params": [
                  {
                    "image": "debian-cloud/debian-11",
                    "size": 40
                  }
                ],
                "mode": "READ_WRITE"
              }
            ],
            "can_ip_forward": false,
            "deletion_protection": false,
            "description": null,
            "desired_status": null,
            "enable_display": null,
            "hostname": null,
            "labels": null,
            "machine_type": "e2-medium",
            "metadata_startup_script": null,
            "name": "kubernetes-worker-1",
            "network_interface": [
              {
                "access_config": [
                  {
                    "public_ptr_domain_name": null
                  }
                ],
                "alias_ip_range": [],
                "ipv6_access_config": [],
                "network": "kubernetes-network",
                "nic_type": null,
                "queue_count": null
              }
            ],
            "resource_policies": null,
            "scratch_disk": [],
            "service_account": [],
            "shielded_instance_config": [],
            "tags": [
              "allow-ssh"
            ],
            "timeouts": null
          },
          "sensitive_values": {
            "advanced_machine_features": [],
            "attached_disk": [],
            "boot_disk": [
              {
                "initialize_params": [
                  {
                    "labels": {}
                  }
                ]
              }
            ],
            "confidential_instance_config": [],
            "guest_accelerator": [],
            "metadata": {},
            "network_interface": [
              {
                "access_config": [
                  {}
                ],
                "alias_ip_range": [],
                "ipv6_access_config": []
              }
            ],
            "reservation_affinity": [],
            "scheduling": [],
            "scratch_disk": [],
            "service_account": [],
            "shielded_instance_config": [],
            "tags": [
              false
            ]
          }
        },
        {
          "address": "google_compute_instance.kubernetes_worker[2]",
          "mode": "managed",
          "type": "google_compute_instance",
          "name": "kubernetes_worker",
          "index": 2,
          "provider_name": "registry.terraform.io/hashicorp/google",
          "schema_version": 6,
          "values": {
            "advanced_machine_features": [],
            "allow_stopping_for_update": null,
            "attached_disk": [],
            "boot_disk": [
              {
                "auto_delete": true,
                "disk_encryption_key_raw": null,
                "initialize_params": [
                  {
                    "image": "debian-cloud/debian-11",
                    "size": 40
                  }
                ],
                "mode": "READ_WRITE"
              }
            ],
            "can_ip_forward": false,
            "deletion_protection": false,
            "description": null,
            "desired_status": null,
            "enable_display": null,
            "hostname": null,
            "labels": null,
            "machine_type": "e2-medium",
            "metadata_startup_script": null,
            "name": "kubernetes-worker-2",
            "network_interface": [
              {
                "access_config": [
                  {
                    "public_ptr_domain_name": null
                  }
                ],
                "alias_ip_range": [],
                "ipv6_access_config": [],
                "network": "kubernetes-network",
                "nic_type": null,
                "queue_count": null
              }
            ],
            "resource_policies": null,
            "scratch_disk": [],
            "service_account": [],
            "shielded_instance_config": [],
            "tags": [
              "allow-ssh"
            ],
            "timeouts": null
          },
          "sensitive_values": {
            "advanced_machine_features": [],
            "attached_disk": [],
            "boot_disk": [
              {
                "initialize_params": [
                  {
                    "labels": {}
                  }
                ]
              }
            ],
            "confidential_instance_config": [],
            "guest_accelerator": [],
            "metadata": {},
            "network_interface": [
              {
                "access_config": [
                  {}
                ],
                "alias_ip_range": [],
                "ipv6_access_config": []
              }
            ],
            "reservation_affinity": [],
            "scheduling": [],
            "scratch_disk": [],
            "service_account": [],
            "shielded_instance_config": [],
            "tags": [
              false
            ]
          }
        },
        {
          "address": "google_compute_network.kubernetes_network",
          "mode": "managed",
          "type": "google_compute_network",
          "name": "kubernetes_network",
          "provider_name": "registry.terraform.io/hashicorp/google",
          "schema_version": 0,
          "values": {
            "auto_create_subnetworks": true,
            "delete_default_routes_on_create": false,
            "description": null,
            "enable_ula_internal_ipv6": null,
            "name": "kubernetes-network",
            "timeouts": null
          },
          "sensitive_values": {}
        },
        {
          "address": "google_project_service.cloud_resource_manager",
          "mode": "managed",
          "type": "google_project_service",
          "name": "cloud_resource_manager",
          "provider_name": "registry.terraform.io/hashicorp/google",
          "schema_version": 0,
          "values": {
            "disable_dependent_services": null,
            "disable_on_destroy": false,
            "service": "cloudresourcemanager.googleapis.com",
            "timeouts": null
          },
          "sensitive_values": {}
        },
        {
          "address": "google_project_service.compute",
          "mode": "managed",
          "type": "google_project_service",
          "name": "compute",
          "provider_name": "registry.terraform.io/hashicorp/google",
          "schema_version": 0,
          "values": {
            "disable_dependent_services": null,
            "disable_on_destroy": false,
            "service": "compute.googleapis.com",
            "timeouts": null
          },
          "sensitive_values": {}
        },
        {
          "address": "local_file.ansible_inventory",
          "mode": "managed",
          "type": "local_file",
          "name": "ansible_inventory",
          "provider_name": "registry.terraform.io/hashicorp/local",
          "schema_version": 0,
          "values": {
            "content_base64": null,
            "directory_permission": "0777",
            "file_permission": "0777",
            "filename": "ansible/inventory",
            "sensitive_content": null,
            "source": null
          },
          "sensitive_values": {}
        },
        {
          "address": "local_file.ssh_private_key_pem",
          "mode": "managed",
          "type": "local_file",
          "name": "ssh_private_key_pem",
          "provider_name": "registry.terraform.io/hashicorp/local",
          "schema_version": 0,
          "values": {
            "content_base64": null,
            "directory_permission": "0777",
            "file_permission": "0600",
            "filename": ".ssh/google_compute_engine",
            "sensitive_content": null,
            "source": null
          },
          "sensitive_values": {
            "content": true
          }
        },
        {
          "address": "local_file.ssh_public_key_pem",
          "mode": "managed",
          "type": "local_file",
          "name": "ssh_public_key_pem",
          "provider_name": "registry.terraform.io/hashicorp/local",
          "schema_version": 0,
          "values": {
            "content_base64": null,
            "directory_permission": "0777",
            "file_permission": "0600",
            "filename": ".ssh/google_compute_engine.pub",
            "sensitive_content": null,
            "source": null
          },
          "sensitive_values": {}
        },
        {
          "address": "tls_private_key.ssh",
          "mode": "managed",
          "type": "tls_private_key",
          "name": "ssh",
          "provider_name": "registry.terraform.io/hashicorp/tls",
          "schema_version": 1,
          "values": {
            "algorithm": "RSA",
            "ecdsa_curve": "P224",
            "rsa_bits": 4096
          },
          "sensitive_values": {}
        }
      ]
    }
  },
  "resource_changes": [
    {
      "address": "google_compute_address.static_ip_kubernetes_master",
      "mode": "managed",
      "type": "google_compute_address",
      "name": "static_ip_kubernetes_master",
      "provider_name": "registry.terraform.io/hashicorp/google",
      "change": {
        "actions": [
          "create"
        ],
        "before": null,
        "after": {
          "address_type": "EXTERNAL",
          "description": null,
          "name": "kubernetes-master",
          "network": null,
          "prefix_length": null,
          "timeouts": null
        },
        "after_unknown": {
          "address": true,
          "creation_timestamp": true,
          "id": true,
          "network_tier": true,
          "project": true,
          "purpose": true,
          "region": true,
          "self_link": true,
          "subnetwork": true,
          "users": true
        },
        "before_sensitive": false,
        "after_sensitive": {
          "users": []
        }
      }
    },
    {
      "address": "google_compute_firewall.allow_http",
      "mode": "managed",
      "type": "google_compute_firewall",
      "name": "allow_http",
      "provider_name": "registry.terraform.io/hashicorp/google",
      "change": {
        "actions": [
          "create"
        ],
        "before": null,
        "after": {
          "allow": [
            {
              "ports": [
                "80"
              ],
              "protocol": "tcp"
            }
          ],
          "deny": [],
          "description": null,
          "disabled": null,
          "log_config": [],
          "name": "allow-http",
          "network": "kubernetes-network",
          "priority": 1000,
          "source_ranges": [
            "0.0.0.0/0"
          ],
          "source_service_accounts": null,
          "source_tags": null,
          "target_service_accounts": null,
          "target_tags": [
            "allow-http"
          ],
          "timeouts": null
        },
        "after_unknown": {
          "allow": [
            {
              "ports": [
                false
              ]
            }
          ],
          "creation_timestamp": true,
          "deny": [],
          "destination_ranges": true,
          "direction": true,
          "enable_logging": true,
          "id": true,
          "log_config": [],
          "project": true,
          "self_link": true,
          "source_ranges": [
            false
          ],
          "target_tags": [
            false
          ]
        },
        "before_sensitive": false,
        "after_sensitive": {
          "allow": [
            {
              "ports": [
                false
              ]
            }
          ],
          "deny": [],
          "destination_ranges": [],
          "log_config": [],
          "source_ranges": [
            false
          ],
          "target_tags": [
            false
          ]
        }
      }
    },
    {
      "address": "google_compute_firewall.allow_kubernetes_api",
      "mode": "managed",
      "type": "google_compute_firewall",
      "name": "allow_kubernetes_api",
      "provider_name": "registry.terraform.io/hashicorp/google",
      "change": {
        "actions": [
          "create"
        ],
        "before": null,
        "after": {
          "allow": [
            {
              "ports": [
                "6443"
              ],
              "protocol": "tcp"
            }
          ],
          "deny": [],
          "description": null,
          "disabled": null,
          "log_config": [],
          "name": "allow-kubernetes-api",
          "network": "kubernetes-network",
          "priority": 1000,
          "source_ranges": [
            "0.0.0.0/0"
          ],
          "source_service_accounts": null,
          "source_tags": null,
          "target_service_accounts": null,
          "target_tags": [
            "allow-http"
          ],
          "timeouts": null
        },
        "after_unknown": {
          "allow": [
            {
              "ports": [
                false
              ]
            }
          ],
          "creation_timestamp": true,
          "deny": [],
          "destination_ranges": true,
          "direction": true,
          "enable_logging": true,
          "id": true,
          "log_config": [],
          "project": true,
          "self_link": true,
          "source_ranges": [
            false
          ],
          "target_tags": [
            false
          ]
        },
        "before_sensitive": false,
        "after_sensitive": {
          "allow": [
            {
              "ports": [
                false
              ]
            }
          ],
          "deny": [],
          "destination_ranges": [],
          "log_config": [],
          "source_ranges": [
            false
          ],
          "target_tags": [
            false
          ]
        }
      }
    },
    {
      "address": "google_compute_firewall.allow_ssh",
      "mode": "managed",
      "type": "google_compute_firewall",
      "name": "allow_ssh",
      "provider_name": "registry.terraform.io/hashicorp/google",
      "change": {
        "actions": [
          "create"
        ],
        "before": null,
        "after": {
          "allow": [
            {
              "ports": [
                "22"
              ],
              "protocol": "tcp"
            }
          ],
          "deny": [],
          "description": null,
          "disabled": null,
          "log_config": [],
          "name": "allow-ssh",
          "network": "kubernetes-network",
          "priority": 1000,
          "source_ranges": [
            "0.0.0.0/0"
          ],
          "source_service_accounts": null,
          "source_tags": null,
          "target_service_accounts": null,
          "target_tags": [
            "allow-ssh"
          ],
          "timeouts": null
        },
        "after_unknown": {
          "allow": [
            {
              "ports": [
                false
              ]
            }
          ],
          "creation_timestamp": true,
          "deny": [],
          "destination_ranges": true,
          "direction": true,
          "enable_logging": true,
          "id": true,
          "log_config": [],
          "project": true,
          "self_link": true,
          "source_ranges": [
            false
          ],
          "target_tags": [
            false
          ]
        },
        "before_sensitive": false,
        "after_sensitive": {
          "allow": [
            {
              "ports": [
                false
              ]
            }
          ],
          "deny": [],
          "destination_ranges": [],
          "log_config": [],
          "source_ranges": [
            false
          ],
          "target_tags": [
            false
          ]
        }
      }
    },
    {
      "address": "google_compute_instance.kubernetes_master",
      "mode": "managed",
      "type": "google_compute_instance",
      "name": "kubernetes_master",
      "provider_name": "registry.terraform.io/hashicorp/google",
      "change": {
        "actions": [
          "create"
        ],
        "before": null,
        "after": {
          "advanced_machine_features": [],
          "allow_stopping_for_update": null,
          "attached_disk": [],
          "boot_disk": [
            {
              "auto_delete": true,
              "disk_encryption_key_raw": null,
              "initialize_params": [
                {
                  "image": "debian-cloud/debian-11",
                  "size": 40
                }
              ],
              "mode": "READ_WRITE"
            }
          ],
          "can_ip_forward": false,
          "deletion_protection": false,
          "description": null,
          "desired_status": null,
          "enable_display": null,
          "hostname": null,
          "labels": null,
          "machine_type": "e2-medium",
          "metadata_startup_script": null,
          "name": "kubernetes-master",
          "network_interface": [
            {
              "access_config": [
                {
                  "public_ptr_domain_name": null
                }
              ],
              "alias_ip_range": [],
              "ipv6_access_config": [],
              "network": "kubernetes-network",
              "nic_type": null,
              "queue_count": null
            }
          ],
          "resource_policies": null,
          "scratch_disk": [],
          "service_account": [],
          "shielded_instance_config": [],
          "tags": [
            "allow-http",
            "allow-kubernetes-api",
            "allow-ssh"
          ],
          "timeouts": null
        },
        "after_unknown": {
          "advanced_machine_features": [],
          "attached_disk": [],
          "boot_disk": [
            {
              "device_name": true,
              "disk_encryption_key_sha256": true,
              "initialize_params": [
                {
                  "labels": true,
                  "type": true
                }
              ],
              "kms_key_self_link": true,
              "source": true
            }
          ],
          "confidential_instance_config": true,
          "cpu_platform": true,
          "current_status": true,
          "guest_accelerator": true,
          "id": true,
          "instance_id": true,
          "label_fingerprint": true,
          "metadata": true,
          "metadata_fingerprint": true,
          "min_cpu_platform": true,
          "network_interface": [
            {
              "access_config": [
                {
                  "nat_ip": true,
                  "network_tier": true
                }
              ],
              "alias_ip_range": [],
              "ipv6_access_config": [],
              "ipv6_access_type": true,
              "name": true,
              "network_ip": true,
              "stack_type": true,
              "subnetwork": true,
              "subnetwork_project": true
            }
          ],
          "project": true,
          "reservation_affinity": true,
          "scheduling": true,
          "scratch_disk": [],
          "self_link": true,
          "service_account": [],
          "shielded_instance_config": [],
          "tags": [
            false,
            false,
            false
          ],
          "tags_fingerprint": true,
          "zone": true
        },
        "before_sensitive": false,
        "after_sensitive": {
          "advanced_machine_features": [],
          "attached_disk": [],
          "boot_disk": [
            {
              "disk_encryption_key_raw": true,
              "initialize_params": [
                {
                  "labels": {}
                }
              ]
            }
          ],
          "confidential_instance_config": [],
          "guest_accelerator": [],
          "metadata": {},
          "network_interface": [
            {
              "access_config": [
                {}
              ],
              "alias_ip_range": [],
              "ipv6_access_config": []
            }
          ],
          "reservation_affinity": [],
          "scheduling": [],
          "scratch_disk": [],
          "service_account": [],
          "shielded_instance_config": [],
          "tags": [
            false,
            false,
            false
          ]
        }
      }
    },
    {
      "address": "google_compute_instance.kubernetes_worker[0]",
      "mode": "managed",
      "type": "google_compute_instance",
      "name": "kubernetes_worker",
      "index": 0,
      "provider_name": "registry.terraform.io/hashicorp/google",
      "change": {
        "actions": [
          "create"
        ],
        "before": null,
        "after": {
          "advanced_machine_features": [],
          "allow_stopping_for_update": null,
          "attached_disk": [],
          "boot_disk": [
            {
              "auto_delete": true,
              "disk_encryption_key_raw": null,
              "initialize_params": [
                {
                  "image": "debian-cloud/debian-11",
                  "size": 40
                }
              ],
              "mode": "READ_WRITE"
            }
          ],
          "can_ip_forward": false,
          "deletion_protection": false,
          "description": null,
          "desired_status": null,
          "enable_display": null,
          "hostname": null,
          "labels": null,
          "machine_type": "e2-medium",
          "metadata_startup_script": null,
          "name": "kubernetes-worker-0",
          "network_interface": [
            {
              "access_config": [
                {
                  "public_ptr_domain_name": null
                }
              ],
              "alias_ip_range": [],
              "ipv6_access_config": [],
              "network": "kubernetes-network",
              "nic_type": null,
              "queue_count": null
            }
          ],
          "resource_policies": null,
          "scratch_disk": [],
          "service_account": [],
          "shielded_instance_config": [],
          "tags": [
            "allow-ssh"
          ],
          "timeouts": null
        },
        "after_unknown": {
          "advanced_machine_features": [],
          "attached_disk": [],
          "boot_disk": [
            {
              "device_name": true,
              "disk_encryption_key_sha256": true,
              "initialize_params": [
                {
                  "labels": true,
                  "type": true
                }
              ],
              "kms_key_self_link": true,
              "source": true
            }
          ],
          "confidential_instance_config": true,
          "cpu_platform": true,
          "current_status": true,
          "guest_accelerator": true,
          "id": true,
          "instance_id": true,
          "label_fingerprint": true,
          "metadata": true,
          "metadata_fingerprint": true,
          "min_cpu_platform": true,
          "network_interface": [
            {
              "access_config": [
                {
                  "nat_ip": true,
                  "network_tier": true
                }
              ],
              "alias_ip_range": [],
              "ipv6_access_config": [],
              "ipv6_access_type": true,
              "name": true,
              "network_ip": true,
              "stack_type": true,
              "subnetwork": true,
              "subnetwork_project": true
            }
          ],
          "project": true,
          "reservation_affinity": true,
          "scheduling": true,
          "scratch_disk": [],
          "self_link": true,
          "service_account": [],
          "shielded_instance_config": [],
          "tags": [
            false
          ],
          "tags_fingerprint": true,
          "zone": true
        },
        "before_sensitive": false,
        "after_sensitive": {
          "advanced_machine_features": [],
          "attached_disk": [],
          "boot_disk": [
            {
              "disk_encryption_key_raw": true,
              "initialize_params": [
                {
                  "labels": {}
                }
              ]
            }
          ],
          "confidential_instance_config": [],
          "guest_accelerator": [],
          "metadata": {},
          "network_interface": [
            {
              "access_config": [
                {}
              ],
              "alias_ip_range": [],
              "ipv6_access_config": []
            }
          ],
          "reservation_affinity": [],
          "scheduling": [],
          "scratch_disk": [],
          "service_account": [],
          "shielded_instance_config": [],
          "tags": [
            false
          ]
        }
      }
    },
    {
      "address": "google_compute_instance.kubernetes_worker[1]",
      "mode": "managed",
      "type": "google_compute_instance",
      "name": "kubernetes_worker",
      "index": 1,
      "provider_name": "registry.terraform.io/hashicorp/google",
      "change": {
        "actions": [
          "create"
        ],
        "before": null,
        "after": {
          "advanced_machine_features": [],
          "allow_stopping_for_update": null,
          "attached_disk": [],
          "boot_disk": [
            {
              "auto_delete": true,
              "disk_encryption_key_raw": null,
              "initialize_params": [
                {
                  "image": "debian-cloud/debian-11",
                  "size": 40
                }
              ],
              "mode": "READ_WRITE"
            }
          ],
          "can_ip_forward": false,
          "deletion_protection": false,
          "description": null,
          "desired_status": null,
          "enable_display": null,
          "hostname": null,
          "labels": null,
          "machine_type": "e2-medium",
          "metadata_startup_script": null,
          "name": "kubernetes-worker-1",
          "network_interface": [
            {
              "access_config": [
                {
                  "public_ptr_domain_name": null
                }
              ],
              "alias_ip_range": [],
              "ipv6_access_config": [],
              "network": "kubernetes-network",
              "nic_type": null,
              "queue_count": null
            }
          ],
          "resource_policies": null,
          "scratch_disk": [],
          "service_account": [],
          "shielded_instance_config": [],
          "tags": [
            "allow-ssh"
          ],
          "timeouts": null
        },
        "after_unknown": {
          "advanced_machine_features": [],
          "attached_disk": [],
          "boot_disk": [
            {
              "device_name": true,
              "disk_encryption_key_sha256": true,
              "initialize_params": [
                {
                  "labels": true,
                  "type": true
                }
              ],
              "kms_key_self_link": true,
              "source": true
            }
          ],
          "confidential_instance_config": true,
          "cpu_platform": true,
          "current_status": true,
          "guest_accelerator": true,
          "id": true,
          "instance_id": true,
          "label_fingerprint": true,
          "metadata": true,
          "metadata_fingerprint": true,
          "min_cpu_platform": true,
          "network_interface": [
            {
              "access_config": [
                {
                  "nat_ip": true,
                  "network_tier": true
                }
              ],
              "alias_ip_range": [],
              "ipv6_access_config": [],
              "ipv6_access_type": true,
              "name": true,
              "network_ip": true,
              "stack_type": true,
              "subnetwork": true,
              "subnetwork_project": true
            }
          ],
          "project": true,
          "reservation_affinity": true,
          "scheduling": true,
          "scratch_disk": [],
          "self_link": true,
          "service_account": [],
          "shielded_instance_config": [],
          "tags": [
            false
          ],
          "tags_fingerprint": true,
          "zone": true
        },
        "before_sensitive": false,
        "after_sensitive": {
          "advanced_machine_features": [],
          "attached_disk": [],
          "boot_disk": [
            {
              "disk_encryption_key_raw": true,
              "initialize_params": [
                {
                  "labels": {}
                }
              ]
            }
          ],
          "confidential_instance_config": [],
          "guest_accelerator": [],
          "metadata": {},
          "network_interface": [
            {
              "access_config": [
                {}
              ],
              "alias_ip_range": [],
              "ipv6_access_config": []
            }
          ],
          "reservation_affinity": [],
          "scheduling": [],
          "scratch_disk": [],
          "service_account": [],
          "shielded_instance_config": [],
          "tags": [
            false
          ]
        }
      }
    },
    {
      "address": "google_compute_instance.kubernetes_worker[2]",
      "mode": "managed",
      "type": "google_compute_instance",
      "name": "kubernetes_worker",
      "index": 2,
      "provider_name": "registry.terraform.io/hashicorp/google",
      "change": {
        "actions": [
          "create"
        ],
        "before": null,
        "after": {
          "advanced_machine_features": [],
          "allow_stopping_for_update": null,
          "attached_disk": [],
          "boot_disk": [
            {
              "auto_delete": true,
              "disk_encryption_key_raw": null,
              "initialize_params": [
                {
                  "image": "debian-cloud/debian-11",
                  "size": 40
                }
              ],
              "mode": "READ_WRITE"
            }
          ],
          "can_ip_forward": false,
          "deletion_protection": false,
          "description": null,
          "desired_status": null,
          "enable_display": null,
          "hostname": null,
          "labels": null,
          "machine_type": "e2-medium",
          "metadata_startup_script": null,
          "name": "kubernetes-worker-2",
          "network_interface": [
            {
              "access_config": [
                {
                  "public_ptr_domain_name": null
                }
              ],
              "alias_ip_range": [],
              "ipv6_access_config": [],
              "network": "kubernetes-network",
              "nic_type": null,
              "queue_count": null
            }
          ],
          "resource_policies": null,
          "scratch_disk": [],
          "service_account": [],
          "shielded_instance_config": [],
          "tags": [
            "allow-ssh"
          ],
          "timeouts": null
        },
        "after_unknown": {
          "advanced_machine_features": [],
          "attached_disk": [],
          "boot_disk": [
            {
              "device_name": true,
              "disk_encryption_key_sha256": true,
              "initialize_params": [
                {
                  "labels": true,
                  "type": true
                }
              ],
              "kms_key_self_link": true,
              "source": true
            }
          ],
          "confidential_instance_config": true,
          "cpu_platform": true,
          "current_status": true,
          "guest_accelerator": true,
          "id": true,
          "instance_id": true,
          "label_fingerprint": true,
          "metadata": true,
          "metadata_fingerprint": true,
          "min_cpu_platform": true,
          "network_interface": [
            {
              "access_config": [
                {
                  "nat_ip": true,
                  "network_tier": true
                }
              ],
              "alias_ip_range": [],
              "ipv6_access_config": [],
              "ipv6_access_type": true,
              "name": true,
              "network_ip": true,
              "stack_type": true,
              "subnetwork": true,
              "subnetwork_project": true
            }
          ],
          "project": true,
          "reservation_affinity": true,
          "scheduling": true,
          "scratch_disk": [],
          "self_link": true,
          "service_account": [],
          "shielded_instance_config": [],
          "tags": [
            false
          ],
          "tags_fingerprint": true,
          "zone": true
        },
        "before_sensitive": false,
        "after_sensitive": {
          "advanced_machine_features": [],
          "attached_disk": [],
          "boot_disk": [
            {
              "disk_encryption_key_raw": true,
              "initialize_params": [
                {
                  "labels": {}
                }
              ]
            }
          ],
          "confidential_instance_config": [],
          "guest_accelerator": [],
          "metadata": {},
          "network_interface": [
            {
              "access_config": [
                {}
              ],
              "alias_ip_range": [],
              "ipv6_access_config": []
            }
          ],
          "reservation_affinity": [],
          "scheduling": [],
          "scratch_disk": [],
          "service_account": [],
          "shielded_instance_config": [],
          "tags": [
            false
          ]
        }
      }
    },
    {
      "address": "google_compute_network.kubernetes_network",
      "mode": "managed",
      "type": "google_compute_network",
      "name": "kubernetes_network",
      "provider_name": "registry.terraform.io/hashicorp/google",
      "change": {
        "actions": [
          "create"
        ],
        "before": null,
        "after": {
          "auto_create_subnetworks": true,
          "delete_default_routes_on_create": false,
          "description": null,
          "enable_ula_internal_ipv6": null,
          "name": "kubernetes-network",
          "timeouts": null
        },
        "after_unknown": {
          "gateway_ipv4": true,
          "id": true,
          "internal_ipv6_range": true,
          "mtu": true,
          "project": true,
          "routing_mode": true,
          "self_link": true
        },
        "before_sensitive": false,
        "after_sensitive": {}
      }
    },
    {
      "address": "google_project_service.cloud_resource_manager",
      "mode": "managed",
      "type": "google_project_service",
      "name": "cloud_resource_manager",
      "provider_name": "registry.terraform.io/hashicorp/google",
      "change": {
        "actions": [
          "create"
        ],
        "before": null,
        "after": {
          "disable_dependent_services": null,
          "disable_on_destroy": false,
          "service": "cloudresourcemanager.googleapis.com",
          "timeouts": null
        },
        "after_unknown": {
          "id": true,
          "project": true
        },
        "before_sensitive": false,
        "after_sensitive": {}
      }
    },
    {
      "address": "google_project_service.compute",
      "mode": "managed",
      "type": "google_project_service",
      "name": "compute",
      "provider_name": "registry.terraform.io/hashicorp/google",
      "change": {
        "actions": [
          "create"
        ],
        "before": null,
        "after": {
          "disable_dependent_services": null,
          "disable_on_destroy": false,
          "service": "compute.googleapis.com",
          "timeouts": null
        },
        "after_unknown": {
          "id": true,
          "project": true
        },
        "before_sensitive": false,
        "after_sensitive": {}
      }
    },
    {
      "address": "local_file.ansible_inventory",
      "mode": "managed",
      "type": "local_file",
      "name": "ansible_inventory",
      "provider_name": "registry.terraform.io/hashicorp/local",
      "change": {
        "actions": [
          "create"
        ],
        "before": null,
        "after": {
          "content_base64": null,
          "directory_permission": "0777",
          "file_permission": "0777",
          "filename": "ansible/inventory",
          "sensitive_content": null,
          "source": null
        },
        "after_unknown": {
          "content": true,
          "id": true
        },
        "before_sensitive": false,
        "after_sensitive": {
          "sensitive_content": true
        }
      }
    },
    {
      "address": "local_file.ssh_private_key_pem",
      "mode": "managed",
      "type": "local_file",
      "name": "ssh_private_key_pem",
      "provider_name": "registry.terraform.io/hashicorp/local",
      "change": {
        "actions": [
          "create"
        ],
        "before": null,
        "after": {
          "content_base64": null,
          "directory_permission": "0777",
          "file_permission": "0600",
          "filename": ".ssh/google_compute_engine",
          "sensitive_content": null,
          "source": null
        },
        "after_unknown": {
          "content": true,
          "id": true
        },
        "before_sensitive": false,
        "after_sensitive": {
          "content": true,
          "sensitive_content": true
        }
      }
    },
    {
      "address": "local_file.ssh_public_key_pem",
      "mode": "managed",
      "type": "local_file",
      "name": "ssh_public_key_pem",
      "provider_name": "registry.terraform.io/hashicorp/local",
      "change": {
        "actions": [
          "create"
        ],
        "before": null,
        "after": {
          "content_base64": null,
          "directory_permission": "0777",
          "file_permission": "0600",
          "filename": ".ssh/google_compute_engine.pub",
          "sensitive_content": null,
          "source": null
        },
        "after_unknown": {
          "content": true,
          "id": true
        },
        "before_sensitive": false,
        "after_sensitive": {
          "sensitive_content": true
        }
      }
    },
    {
      "address": "tls_private_key.ssh",
      "mode": "managed",
      "type": "tls_private_key",
      "name": "ssh",
      "provider_name": "registry.terraform.io/hashicorp/tls",
      "change": {
        "actions": [
          "create"
        ],
        "before": null,
        "after": {
          "algorithm": "RSA",
          "ecdsa_curve": "P224",
          "rsa_bits": 4096
        },
        "after_unknown": {
          "id": true,
          "private_key_openssh": true,
          "private_key_pem": true,
          "private_key_pem_pkcs8": true,
          "public_key_fingerprint_md5": true,
          "public_key_fingerprint_sha256": true,
          "public_key_openssh": true,
          "public_key_pem": true
        },
        "before_sensitive": false,
        "after_sensitive": {
          "private_key_openssh": true,
          "private_key_pem": true,
          "private_key_pem_pkcs8": true
        }
      }
    }
  ],
  "output_changes": {
    "kubernetes_master_ip": {
      "actions": [
        "create"
      ],
      "before": null,
      "after_unknown": true,
      "before_sensitive": false,
      "after_sensitive": false
    },
    "kubernetes_worker_ip": {
      "actions": [
        "create"
      ],
      "before": null,
      "after": [
        null,
        null,
        null
      ],
      "after_unknown": [
        true,
        true,
        true
      ],
      "before_sensitive": false,
      "after_sensitive": false
    },
    "ssh_private_key": {
      "actions": [
        "create"
      ],
      "before": null,
      "after_unknown": true,
      "before_sensitive": true,
      "after_sensitive": true
    }
  },
  "prior_state": {
    "format_version": "1.0",
    "terraform_version": "1.3.6",
    "values": {
      "root_module": {
        "resources": [
          {
            "address": "data.google_client_openid_userinfo.me",
            "mode": "data",
            "type": "google_client_openid_userinfo",
            "name": "me",
            "provider_name": "registry.terraform.io/hashicorp/google",
            "schema_version": 0,
            "values": {
              "email": "test-project-hda@test-project-hda.iam.gserviceaccount.com",
              "id": "test-project-hda@test-project-hda.iam.gserviceaccount.com"
            },
            "sensitive_values": {}
          }
        ]
      }
    }
  },
  "configuration": {
    "provider_config": {
      "google": {
        "name": "google",
        "full_name": "registry.terraform.io/hashicorp/google",
        "expressions": {
          "credentials": {
            "references": [
              "var.credentials_file"
            ]
          },
          "project": {
            "references": [
              "var.project"
            ]
          },
          "region": {
            "references": [
              "var.region"
            ]
          },
          "zone": {
            "references": [
              "var.zone"
            ]
          }
        }
      },
      "local": {
        "name": "local",
        "full_name": "registry.terraform.io/hashicorp/local"
      },
      "tls": {
        "name": "tls",
        "full_name": "registry.terraform.io/hashicorp/tls"
      }
    },
    "root_module": {
      "outputs": {
        "kubernetes_master_ip": {
          "expression": {
            "references": [
              "google_compute_address.static_ip_kubernetes_master.address",
              "google_compute_address.static_ip_kubernetes_master"
            ]
          }
        },
        "kubernetes_worker_ip": {
          "expression": {
            "references": [
              "google_compute_instance.kubernetes_worker"
            ]
          }
        },
        "ssh_private_key": {
          "sensitive": true,
          "expression": {
            "references": [
              "tls_private_key.ssh.private_key_pem",
              "tls_private_key.ssh"
            ]
          }
        }
      },
      "resources": [
        {
          "address": "google_compute_address.static_ip_kubernetes_master",
          "mode": "managed",
          "type": "google_compute_address",
          "name": "static_ip_kubernetes_master",
          "provider_config_key": "google",
          "expressions": {
            "name": {
              "constant_value": "kubernetes-master"
            }
          },
          "schema_version": 0
        },
        {
          "address": "google_compute_firewall.allow_http",
          "mode": "managed",
          "type": "google_compute_firewall",
          "name": "allow_http",
          "provider_config_key": "google",
          "expressions": {
            "allow": [
              {
                "ports": {
                  "constant_value": [
                    "80"
                  ]
                },
                "protocol": {
                  "constant_value": "tcp"
                }
              }
            ],
            "name": {
              "constant_value": "allow-http"
            },
            "network": {
              "references": [
                "google_compute_network.kubernetes_network.name",
                "google_compute_network.kubernetes_network"
              ]
            },
            "source_ranges": {
              "constant_value": [
                "0.0.0.0/0"
              ]
            },
            "target_tags": {
              "constant_value": [
                "allow-http"
              ]
            }
          },
          "schema_version": 1
        },
        {
          "address": "google_compute_firewall.allow_kubernetes_api",
          "mode": "managed",
          "type": "google_compute_firewall",
          "name": "allow_kubernetes_api",
          "provider_config_key": "google",
          "expressions": {
            "allow": [
              {
                "ports": {
                  "constant_value": [
                    "6443"
                  ]
                },
                "protocol": {
                  "constant_value": "tcp"
                }
              }
            ],
            "name": {
              "constant_value": "allow-kubernetes-api"
            },
            "network": {
              "references": [
                "google_compute_network.kubernetes_network.name",
                "google_compute_network.kubernetes_network"
              ]
            },
            "source_ranges": {
              "constant_value": [
                "0.0.0.0/0"
              ]
            },
            "target_tags": {
              "constant_value": [
                "allow-http"
              ]
            }
          },
          "schema_version": 1
        },
        {
          "address": "google_compute_firewall.allow_ssh",
          "mode": "managed",
          "type": "google_compute_firewall",
          "name": "allow_ssh",
          "provider_config_key": "google",
          "expressions": {
            "allow": [
              {
                "ports": {
                  "constant_value": [
                    "22"
                  ]
                },
                "protocol": {
                  "constant_value": "tcp"
                }
              }
            ],
            "name": {
              "constant_value": "allow-ssh"
            },
            "network": {
              "references": [
                "google_compute_network.kubernetes_network.name",
                "google_compute_network.kubernetes_network"
              ]
            },
            "source_ranges": {
              "constant_value": [
                "0.0.0.0/0"
              ]
            },
            "target_tags": {
              "constant_value": [
                "allow-ssh"
              ]
            }
          },
          "schema_version": 1
        },
        {
          "address": "google_compute_instance.kubernetes_master",
          "mode": "managed",
          "type": "google_compute_instance",
          "name": "kubernetes_master",
          "provider_config_key": "google",
          "provisioners": [
            {
              "type": "remote-exec",
              "expressions": {
                "inline": {
                  "constant_value": [
                    "echo 'Wait until SSH is ready'"
                  ]
                }
              }
            }
          ],
          "expressions": {
            "boot_disk": [
              {
                "initialize_params": [
                  {
                    "image": {
                      "constant_value": "debian-cloud/debian-11"
                    },
                    "size": {
                      "constant_value": 40
                    }
                  }
                ]
              }
            ],
            "machine_type": {
              "constant_value": "e2-medium"
            },
            "metadata": {
              "references": [
                "var.user",
                "tls_private_key.ssh.public_key_openssh",
                "tls_private_key.ssh"
              ]
            },
            "name": {
              "constant_value": "kubernetes-master"
            },
            "network_interface": [
              {
                "access_config": [
                  {
                    "nat_ip": {
                      "references": [
                        "google_compute_address.static_ip_kubernetes_master.address",
                        "google_compute_address.static_ip_kubernetes_master"
                      ]
                    }
                  }
                ],
                "network": {
                  "references": [
                    "google_compute_network.kubernetes_network.name",
                    "google_compute_network.kubernetes_network"
                  ]
                }
              }
            ],
            "tags": {
              "constant_value": [
                "allow-ssh",
                "allow-http",
                "allow-kubernetes-api"
              ]
            }
          },
          "schema_version": 6
        },
        {
          "address": "google_compute_instance.kubernetes_worker",
          "mode": "managed",
          "type": "google_compute_instance",
          "name": "kubernetes_worker",
          "provider_config_key": "google",
          "provisioners": [
            {
              "type": "remote-exec",
              "expressions": {
                "inline": {
                  "constant_value": [
                    "echo 'Wait until SSH is ready'"
                  ]
                }
              }
            }
          ],
          "expressions": {
            "boot_disk": [
              {
                "initialize_params": [
                  {
                    "image": {
                      "constant_value": "debian-cloud/debian-11"
                    },
                    "size": {
                      "constant_value": 40
                    }
                  }
                ]
              }
            ],
            "machine_type": {
              "constant_value": "e2-medium"
            },
            "metadata": {
              "references": [
                "var.user",
                "tls_private_key.ssh.public_key_openssh",
                "tls_private_key.ssh"
              ]
            },
            "name": {
              "references": [
                "count.index"
              ]
            },
            "network_interface": [
              {
                "access_config": [
                  {}
                ],
                "network": {
                  "references": [
                    "google_compute_network.kubernetes_network.name",
                    "google_compute_network.kubernetes_network"
                  ]
                }
              }
            ],
            "tags": {
              "constant_value": [
                "allow-ssh"
              ]
            }
          },
          "schema_version": 6,
          "count_expression": {
            "references": [
              "var.worker_count"
            ]
          }
        },
        {
          "address": "google_compute_network.kubernetes_network",
          "mode": "managed",
          "type": "google_compute_network",
          "name": "kubernetes_network",
          "provider_config_key": "google",
          "expressions": {
            "name": {
              "constant_value": "kubernetes-network"
            }
          },
          "schema_version": 0
        },
        {
          "address": "google_project_service.cloud_resource_manager",
          "mode": "managed",
          "type": "google_project_service",
          "name": "cloud_resource_manager",
          "provider_config_key": "google",
          "expressions": {
            "disable_on_destroy": {
              "constant_value": false
            },
            "service": {
              "constant_value": "cloudresourcemanager.googleapis.com"
            }
          },
          "schema_version": 0
        },
        {
          "address": "google_project_service.compute",
          "mode": "managed",
          "type": "google_project_service",
          "name": "compute",
          "provider_config_key": "google",
          "expressions": {
            "disable_on_destroy": {
              "constant_value": false
            },
            "service": {
              "constant_value": "compute.googleapis.com"
            }
          },
          "schema_version": 0
        },
        {
          "address": "local_file.ansible_inventory",
          "mode": "managed",
          "type": "local_file",
          "name": "ansible_inventory",
          "provider_config_key": "local",
          "provisioners": [
            {
              "type": "local-exec",
              "expressions": {
                "command": {
                  "constant_value": "ansible-playbook main.yml"
                },
                "working_dir": {
                  "constant_value": "ansible/"
                }
              }
            }
          ],
          "expressions": {
            "content": {
              "references": [
                "var.user",
                "google_compute_instance.kubernetes_master.network_interface[0].access_config[0].nat_ip",
                "google_compute_instance.kubernetes_master.network_interface[0].access_config[0]",
                "google_compute_instance.kubernetes_master.network_interface[0].access_config",
                "google_compute_instance.kubernetes_master.network_interface[0]",
                "google_compute_instance.kubernetes_master.network_interface",
                "google_compute_instance.kubernetes_master",
                "google_compute_instance.kubernetes_master.name",
                "google_compute_instance.kubernetes_master",
                "google_compute_instance.kubernetes_worker",
                "google_compute_instance.kubernetes_worker"
              ]
            },
            "filename": {
              "constant_value": "ansible/inventory"
            }
          },
          "schema_version": 0
        },
        {
          "address": "local_file.ssh_private_key_pem",
          "mode": "managed",
          "type": "local_file",
          "name": "ssh_private_key_pem",
          "provider_config_key": "local",
          "expressions": {
            "content": {
              "references": [
                "tls_private_key.ssh.private_key_openssh",
                "tls_private_key.ssh"
              ]
            },
            "file_permission": {
              "constant_value": "0600"
            },
            "filename": {
              "constant_value": ".ssh/google_compute_engine"
            }
          },
          "schema_version": 0
        },
        {
          "address": "local_file.ssh_public_key_pem",
          "mode": "managed",
          "type": "local_file",
          "name": "ssh_public_key_pem",
          "provider_config_key": "local",
          "expressions": {
            "content": {
              "references": [
                "tls_private_key.ssh.public_key_openssh",
                "tls_private_key.ssh"
              ]
            },
            "file_permission": {
              "constant_value": "0600"
            },
            "filename": {
              "constant_value": ".ssh/google_compute_engine.pub"
            }
          },
          "schema_version": 0
        },
        {
          "address": "tls_private_key.ssh",
          "mode": "managed",
          "type": "tls_private_key",
          "name": "ssh",
          "provider_config_key": "tls",
          "expressions": {
            "algorithm": {
              "constant_value": "RSA"
            },
            "rsa_bits": {
              "constant_value": 4096
            }
          },
          "schema_version": 1
        },
        {
          "address": "data.google_client_openid_userinfo.me",
          "mode": "data",
          "type": "google_client_openid_userinfo",
          "name": "me",
          "provider_config_key": "google",
          "schema_version": 0
        }
      ],
      "variables": {
        "credentials_file": {},
        "email": {},
        "project": {},
        "region": {
          "default": "europe-west3"
        },
        "user": {},
        "worker_count": {
          "default": 2
        },
        "zone": {
          "default": "europe-west3-c"
        }
      }
    }
  },
  "relevant_attributes": [
    {
      "resource": "google_compute_address.static_ip_kubernetes_master",
      "attribute": [
        "address"
      ]
    },
    {
      "resource": "google_compute_instance.kubernetes_master",
      "attribute": [
        "network_interface",
        0,
        "access_config",
        0,
        "nat_ip"
      ]
    },
    {
      "resource": "google_compute_instance.kubernetes_master",
      "attribute": [
        "name"
      ]
    },
    {
      "resource": "google_compute_instance.kubernetes_worker",
      "attribute": []
    },
    {
      "resource": "tls_private_key.ssh",
      "attribute": [
        "private_key_pem"
      ]
    },
    {
      "resource": "tls_private_key.ssh",
      "attribute": [
        "public_key_openssh"
      ]
    },
    {
      "resource": "tls_private_key.ssh",
      "attribute": [
        "private_key_openssh"
      ]
    },
    {
      "resource": "google_compute_network.kubernetes_network",
      "attribute": [
        "name"
      ]
    }
  ]
}
